<Solution>
  <Folder Name="/section5_llms/">
    <Project Path="FunctionCall/FunctionCall.csproj" Id="e0e065ee-6774-4fd0-bcfb-a74b78523b4f" />
    <Project Path="TextCompletion/TextCompletion.csproj" />
    <Project Path="TextCompletion_Ollama/TextCompletion_Ollama.csproj" Id="d54af0bb-38fb-4aee-8598-3071461f1ed4" />
  </Folder>
  <Folder Name="/section6_vectors/">
    <Project Path="Embeddings/Embeddings.csproj" Id="62e0c078-8e23-433e-abdd-0dae215dcdc8" />
    <Project Path="VectorSearch/VectorSearch.csproj" Id="9a720df7-231c-4f0f-a025-6f508e3d41f3" />
    <Project Path="VectorSearch_Ollama/VectorSearch_Ollama.csproj" Id="d44d2eec-354b-49fd-a374-85735bfc7ade" />
  </Folder>
</Solution>
